
Microsoft Visual Studio Solution File, Format Version 12.00
# Visual Studio Version 17
VisualStudioVersion = 17.4.33103.184
MinimumVisualStudioVersion = 10.0.40219.1
Project("{2150E333-8FDC-42A3-9474-1A3956D46DE8}") = "Presentation", "Presentation", "{D852AE5A-EF79-4D51-9659-9C9225321645}"
EndProject
Project("{2150E333-8FDC-42A3-9474-1A3956D46DE8}") = "Shared", "Shared", "{6B2B8837-9D16-4087-BBF4-1D11597B5256}"
EndProject
Project("{2150E333-8FDC-42A3-9474-1A3956D46DE8}") = "Web", "Web", "{95DFE0CF-EBDA-4BA7-9405-E2BF673289DE}"
EndProject
Project("{2150E333-8FDC-42A3-9474-1A3956D46DE8}") = "Mobil", "Mobil", "{814E48F8-1999-4875-8248-E5A01A241609}"
EndProject
Project("{9A19103F-16F7-4668-BE54-9A1E7A4F7556}") = "SharedLibrary", "SharedLibrary\SharedLibrary.csproj", "{8ABE3C34-C913-43ED-8E48-CBA8C2FA6CCE}"
EndProject
Project("{9A19103F-16F7-4668-BE54-9A1E7A4F7556}") = "BlazorApp", "BlazorApp\BlazorApp.csproj", "{BE830D31-BF49-4E34-A1DA-954AF5952946}"
EndProject
Project("{9A19103F-16F7-4668-BE54-9A1E7A4F7556}") = "MauiApp1", "MauiApp1\MauiApp1.csproj", "{A1F8B5DA-1DCB-44F1-B0A3-951D180FDF56}"
EndProject
Project("{FAE04EC0-301F-11D3-BF4B-00C04F79EFBC}") = "DXMauiApp1", "DXMauiApp1\DXMauiApp1.csproj", "{5FF7D277-ED51-47EB-BA2D-93876F691B69}"
EndProject
Global
	GlobalSection(SolutionConfigurationPlatforms) = preSolution
		Debug|Any CPU = Debug|Any CPU
		Release|Any CPU = Release|Any CPU
	EndGlobalSection
	GlobalSection(ProjectConfigurationPlatforms) = postSolution
		{8ABE3C34-C913-43ED-8E48-CBA8C2FA6CCE}.Debug|Any CPU.ActiveCfg = Debug|Any CPU
		{8ABE3C34-C913-43ED-8E48-CBA8C2FA6CCE}.Debug|Any CPU.Build.0 = Debug|Any CPU
		{8ABE3C34-C913-43ED-8E48-CBA8C2FA6CCE}.Release|Any CPU.ActiveCfg = Release|Any CPU
		{8ABE3C34-C913-43ED-8E48-CBA8C2FA6CCE}.Release|Any CPU.Build.0 = Release|Any CPU
		{BE830D31-BF49-4E34-A1DA-954AF5952946}.Debug|Any CPU.ActiveCfg = Debug|Any CPU
		{BE830D31-BF49-4E34-A1DA-954AF5952946}.Debug|Any CPU.Build.0 = Debug|Any CPU
		{BE830D31-BF49-4E34-A1DA-954AF5952946}.Release|Any CPU.ActiveCfg = Release|Any CPU
		{BE830D31-BF49-4E34-A1DA-954AF5952946}.Release|Any CPU.Build.0 = Release|Any CPU
		{A1F8B5DA-1DCB-44F1-B0A3-951D180FDF56}.Debug|Any CPU.ActiveCfg = Debug|Any CPU
		{A1F8B5DA-1DCB-44F1-B0A3-951D180FDF56}.Debug|Any CPU.Build.0 = Debug|Any CPU
		{A1F8B5DA-1DCB-44F1-B0A3-951D180FDF56}.Debug|Any CPU.Deploy.0 = Debug|Any CPU
		{A1F8B5DA-1DCB-44F1-B0A3-951D180FDF56}.Release|Any CPU.ActiveCfg = Release|Any CPU
		{A1F8B5DA-1DCB-44F1-B0A3-951D180FDF56}.Release|Any CPU.Build.0 = Release|Any CPU
		{A1F8B5DA-1DCB-44F1-B0A3-951D180FDF56}.Release|Any CPU.Deploy.0 = Release|Any CPU
		{5FF7D277-ED51-47EB-BA2D-93876F691B69}.Debug|Any CPU.ActiveCfg = Debug|Any CPU
		{5FF7D277-ED51-47EB-BA2D-93876F691B69}.Debug|Any CPU.Build.0 = Debug|Any CPU
		{5FF7D277-ED51-47EB-BA2D-93876F691B69}.Debug|Any CPU.Deploy.0 = Debug|Any CPU
		{5FF7D277-ED51-47EB-BA2D-93876F691B69}.Release|Any CPU.ActiveCfg = Release|Any CPU
		{5FF7D277-ED51-47EB-BA2D-93876F691B69}.Release|Any CPU.Build.0 = Release|Any CPU
		{5FF7D277-ED51-47EB-BA2D-93876F691B69}.Release|Any CPU.Deploy.0 = Release|Any CPU
	EndGlobalSection
	GlobalSection(SolutionProperties) = preSolution
		HideSolutionNode = FALSE
	EndGlobalSection
	GlobalSection(NestedProjects) = preSolution
		{6B2B8837-9D16-4087-BBF4-1D11597B5256} = {D852AE5A-EF79-4D51-9659-9C9225321645}
		{95DFE0CF-EBDA-4BA7-9405-E2BF673289DE} = {D852AE5A-EF79-4D51-9659-9C9225321645}
		{814E48F8-1999-4875-8248-E5A01A241609} = {D852AE5A-EF79-4D51-9659-9C9225321645}
		{8ABE3C34-C913-43ED-8E48-CBA8C2FA6CCE} = {6B2B8837-9D16-4087-BBF4-1D11597B5256}
		{BE830D31-BF49-4E34-A1DA-954AF5952946} = {95DFE0CF-EBDA-4BA7-9405-E2BF673289DE}
		{A1F8B5DA-1DCB-44F1-B0A3-951D180FDF56} = {814E48F8-1999-4875-8248-E5A01A241609}
		{5FF7D277-ED51-47EB-BA2D-93876F691B69} = {814E48F8-1999-4875-8248-E5A01A241609}
	EndGlobalSection
	GlobalSection(ExtensibilityGlobals) = postSolution
		SolutionGuid = {76603F9C-8053-4143-9314-B16E920CB753}
	EndGlobalSection
EndGlobal
